
Microsoft Visual Studio Solution File, Format Version 12.00
# Visual Studio 2017
Project("{FAE04EC0-301F-11D3-BF4B-00C04F79EFBC}") = "CarSimulator-master", "CarSimulator-master.csproj", "{3E42B91F-E0A6-09F0-5EB3-D71DB3037179}"
EndProject
Project("{FAE04EC0-301F-11D3-BF4B-00C04F79EFBC}") = "CarSimulator-master.Editor", "CarSimulator-master.Editor.csproj", "{CCB32FA0-3AFA-8C91-E3A2-118FA32762E3}"
EndProject
Global
	GlobalSection(SolutionConfigurationPlatforms) = preSolution
		Debug|Any CPU = Debug|Any CPU
		Release|Any CPU = Release|Any CPU
	EndGlobalSection
	GlobalSection(ProjectConfigurationPlatforms) = postSolution
		{3E42B91F-E0A6-09F0-5EB3-D71DB3037179}.Debug|Any CPU.ActiveCfg = Debug|Any CPU
		{3E42B91F-E0A6-09F0-5EB3-D71DB3037179}.Debug|Any CPU.Build.0 = Debug|Any CPU
		{3E42B91F-E0A6-09F0-5EB3-D71DB3037179}.Release|Any CPU.ActiveCfg = Release|Any CPU
		{3E42B91F-E0A6-09F0-5EB3-D71DB3037179}.Release|Any CPU.Build.0 = Release|Any CPU
		{CCB32FA0-3AFA-8C91-E3A2-118FA32762E3}.Debug|Any CPU.ActiveCfg = Debug|Any CPU
		{CCB32FA0-3AFA-8C91-E3A2-118FA32762E3}.Debug|Any CPU.Build.0 = Debug|Any CPU
		{CCB32FA0-3AFA-8C91-E3A2-118FA32762E3}.Release|Any CPU.ActiveCfg = Release|Any CPU
		{CCB32FA0-3AFA-8C91-E3A2-118FA32762E3}.Release|Any CPU.Build.0 = Release|Any CPU
	EndGlobalSection
	GlobalSection(SolutionProperties) = preSolution
		HideSolutionNode = FALSE
	EndGlobalSection
EndGlobal
